// !$*UTF8*$!
{
	archiveVersion = 1;
	classes = {
	};
	objectVersion = 55;
	objects = {

/* Begin PBXBuildFile section */
		0E6D636B49A3D40011F3FB7C /* libPods-UIKitDZTests.a in Frameworks */ = {isa = PBXBuildFile; fileRef = B26604A285FF683FF77BE01E /* libPods-UIKitDZTests.a */; };
		481906DB0E284D1DA1A761B0 /* libPods-UIKitDZ-UIKitDZUITests.a in Frameworks */ = {isa = PBXBuildFile; fileRef = 12BA81F8FAE1D996B61906CA /* libPods-UIKitDZ-UIKitDZUITests.a */; };
		7BDD303C2B722B8D009B4AD8 /* AppDelegate.swift in Sources */ = {isa = PBXBuildFile; fileRef = 7BDD303B2B722B8D009B4AD8 /* AppDelegate.swift */; };
		7BDD303E2B722B8D009B4AD8 /* SceneDelegate.swift in Sources */ = {isa = PBXBuildFile; fileRef = 7BDD303D2B722B8D009B4AD8 /* SceneDelegate.swift */; };
		7BDD30402B722B8D009B4AD8 /* ViewController.swift in Sources */ = {isa = PBXBuildFile; fileRef = 7BDD303F2B722B8D009B4AD8 /* ViewController.swift */; };
		7BDD30432B722B8D009B4AD8 /* Main.storyboard in Resources */ = {isa = PBXBuildFile; fileRef = 7BDD30412B722B8D009B4AD8 /* Main.storyboard */; };
		7BDD30462B722B8D009B4AD8 /* UIKitDZ.xcdatamodeld in Sources */ = {isa = PBXBuildFile; fileRef = 7BDD30442B722B8D009B4AD8 /* UIKitDZ.xcdatamodeld */; };
		7BDD30482B722B8E009B4AD8 /* Assets.xcassets in Resources */ = {isa = PBXBuildFile; fileRef = 7BDD30472B722B8E009B4AD8 /* Assets.xcassets */; };
		7BDD304B2B722B8E009B4AD8 /* LaunchScreen.storyboard in Resources */ = {isa = PBXBuildFile; fileRef = 7BDD30492B722B8E009B4AD8 /* LaunchScreen.storyboard */; };
		7BDD30562B722B8E009B4AD8 /* UIKitDZTests.swift in Sources */ = {isa = PBXBuildFile; fileRef = 7BDD30552B722B8E009B4AD8 /* UIKitDZTests.swift */; };
		7BDD30602B722B8E009B4AD8 /* UIKitDZUITests.swift in Sources */ = {isa = PBXBuildFile; fileRef = 7BDD305F2B722B8E009B4AD8 /* UIKitDZUITests.swift */; };
		7BDD30622B722B8E009B4AD8 /* UIKitDZUITestsLaunchTests.swift in Sources */ = {isa = PBXBuildFile; fileRef = 7BDD30612B722B8E009B4AD8 /* UIKitDZUITestsLaunchTests.swift */; };
		EA1662DA75B56EDE152F271E /* libPods-UIKitDZ.a in Frameworks */ = {isa = PBXBuildFile; fileRef = 34E842F9A9A1411491B2CFD7 /* libPods-UIKitDZ.a */; };
/* End PBXBuildFile section */

/* Begin PBXContainerItemProxy section */
		7BDD30522B722B8E009B4AD8 /* PBXContainerItemProxy */ = {
			isa = PBXContainerItemProxy;
			containerPortal = 7BDD30302B722B8D009B4AD8 /* Project object */;
			proxyType = 1;
			remoteGlobalIDString = 7BDD30372B722B8D009B4AD8;
			remoteInfo = UIKitDZ;
		};
		7BDD305C2B722B8E009B4AD8 /* PBXContainerItemProxy */ = {
			isa = PBXContainerItemProxy;
			containerPortal = 7BDD30302B722B8D009B4AD8 /* Project object */;
			proxyType = 1;
			remoteGlobalIDString = 7BDD30372B722B8D009B4AD8;
			remoteInfo = UIKitDZ;
		};
/* End PBXContainerItemProxy section */

/* Begin PBXFileReference section */
		12BA81F8FAE1D996B61906CA /* libPods-UIKitDZ-UIKitDZUITests.a */ = {isa = PBXFileReference; explicitFileType = archive.ar; includeInIndex = 0; path = "libPods-UIKitDZ-UIKitDZUITests.a"; sourceTree = BUILT_PRODUCTS_DIR; };
		1B72335D6ECE2DC9542510AB /* Pods-UIKitDZ.release.xcconfig */ = {isa = PBXFileReference; includeInIndex = 1; lastKnownFileType = text.xcconfig; name = "Pods-UIKitDZ.release.xcconfig"; path = "Target Support Files/Pods-UIKitDZ/Pods-UIKitDZ.release.xcconfig"; sourceTree = "<group>"; };
		34E842F9A9A1411491B2CFD7 /* libPods-UIKitDZ.a */ = {isa = PBXFileReference; explicitFileType = archive.ar; includeInIndex = 0; path = "libPods-UIKitDZ.a"; sourceTree = BUILT_PRODUCTS_DIR; };
		75BB43EBB0C0B81ADAE34AC5 /* Pods-UIKitDZTests.debug.xcconfig */ = {isa = PBXFileReference; includeInIndex = 1; lastKnownFileType = text.xcconfig; name = "Pods-UIKitDZTests.debug.xcconfig"; path = "Target Support Files/Pods-UIKitDZTests/Pods-UIKitDZTests.debug.xcconfig"; sourceTree = "<group>"; };
		7BDD30382B722B8D009B4AD8 /* UIKitDZ.app */ = {isa = PBXFileReference; explicitFileType = wrapper.application; includeInIndex = 0; path = UIKitDZ.app; sourceTree = BUILT_PRODUCTS_DIR; };
		7BDD303B2B722B8D009B4AD8 /* AppDelegate.swift */ = {isa = PBXFileReference; lastKnownFileType = sourcecode.swift; path = AppDelegate.swift; sourceTree = "<group>"; };
		7BDD303D2B722B8D009B4AD8 /* SceneDelegate.swift */ = {isa = PBXFileReference; lastKnownFileType = sourcecode.swift; path = SceneDelegate.swift; sourceTree = "<group>"; };
		7BDD303F2B722B8D009B4AD8 /* ViewController.swift */ = {isa = PBXFileReference; lastKnownFileType = sourcecode.swift; path = ViewController.swift; sourceTree = "<group>"; };
		7BDD30422B722B8D009B4AD8 /* Base */ = {isa = PBXFileReference; lastKnownFileType = file.storyboard; name = Base; path = Base.lproj/Main.storyboard; sourceTree = "<group>"; };
		7BDD30452B722B8D009B4AD8 /* UIKitDZ.xcdatamodel */ = {isa = PBXFileReference; lastKnownFileType = wrapper.xcdatamodel; path = UIKitDZ.xcdatamodel; sourceTree = "<group>"; };
		7BDD30472B722B8E009B4AD8 /* Assets.xcassets */ = {isa = PBXFileReference; lastKnownFileType = folder.assetcatalog; path = Assets.xcassets; sourceTree = "<group>"; };
		7BDD304A2B722B8E009B4AD8 /* Base */ = {isa = PBXFileReference; lastKnownFileType = file.storyboard; name = Base; path = Base.lproj/LaunchScreen.storyboard; sourceTree = "<group>"; };
		7BDD304C2B722B8E009B4AD8 /* Info.plist */ = {isa = PBXFileReference; lastKnownFileType = text.plist.xml; path = Info.plist; sourceTree = "<group>"; };
		7BDD30512B722B8E009B4AD8 /* UIKitDZTests.xctest */ = {isa = PBXFileReference; explicitFileType = wrapper.cfbundle; includeInIndex = 0; path = UIKitDZTests.xctest; sourceTree = BUILT_PRODUCTS_DIR; };
		7BDD30552B722B8E009B4AD8 /* UIKitDZTests.swift */ = {isa = PBXFileReference; lastKnownFileType = sourcecode.swift; path = UIKitDZTests.swift; sourceTree = "<group>"; };
		7BDD305B2B722B8E009B4AD8 /* UIKitDZUITests.xctest */ = {isa = PBXFileReference; explicitFileType = wrapper.cfbundle; includeInIndex = 0; path = UIKitDZUITests.xctest; sourceTree = BUILT_PRODUCTS_DIR; };
		7BDD305F2B722B8E009B4AD8 /* UIKitDZUITests.swift */ = {isa = PBXFileReference; lastKnownFileType = sourcecode.swift; path = UIKitDZUITests.swift; sourceTree = "<group>"; };
		7BDD30612B722B8E009B4AD8 /* UIKitDZUITestsLaunchTests.swift */ = {isa = PBXFileReference; lastKnownFileType = sourcecode.swift; path = UIKitDZUITestsLaunchTests.swift; sourceTree = "<group>"; };
		89486F6033DA5CFAEB1051BF /* Pods-UIKitDZ.debug.xcconfig */ = {isa = PBXFileReference; includeInIndex = 1; lastKnownFileType = text.xcconfig; name = "Pods-UIKitDZ.debug.xcconfig"; path = "Target Support Files/Pods-UIKitDZ/Pods-UIKitDZ.debug.xcconfig"; sourceTree = "<group>"; };
		9FD426E2DE52B4D2289473FB /* Pods-UIKitDZ-UIKitDZUITests.debug.xcconfig */ = {isa = PBXFileReference; includeInIndex = 1; lastKnownFileType = text.xcconfig; name = "Pods-UIKitDZ-UIKitDZUITests.debug.xcconfig"; path = "Target Support Files/Pods-UIKitDZ-UIKitDZUITests/Pods-UIKitDZ-UIKitDZUITests.debug.xcconfig"; sourceTree = "<group>"; };
		B26604A285FF683FF77BE01E /* libPods-UIKitDZTests.a */ = {isa = PBXFileReference; explicitFileType = archive.ar; includeInIndex = 0; path = "libPods-UIKitDZTests.a"; sourceTree = BUILT_PRODUCTS_DIR; };
		DC8CC1B0CC349E4FFCEB518D /* Pods-UIKitDZ-UIKitDZUITests.release.xcconfig */ = {isa = PBXFileReference; includeInIndex = 1; lastKnownFileType = text.xcconfig; name = "Pods-UIKitDZ-UIKitDZUITests.release.xcconfig"; path = "Target Support Files/Pods-UIKitDZ-UIKitDZUITests/Pods-UIKitDZ-UIKitDZUITests.release.xcconfig"; sourceTree = "<group>"; };
		DDBE3658D38E15DA96C52C33 /* Pods-UIKitDZTests.release.xcconfig */ = {isa = PBXFileReference; includeInIndex = 1; lastKnownFileType = text.xcconfig; name = "Pods-UIKitDZTests.release.xcconfig"; path = "Target Support Files/Pods-UIKitDZTests/Pods-UIKitDZTests.release.xcconfig"; sourceTree = "<group>"; };
/* End PBXFileReference section */

/* Begin PBXFrameworksBuildPhase section */
		7BDD30352B722B8D009B4AD8 /* Frameworks */ = {
			isa = PBXFrameworksBuildPhase;
			buildActionMask = 2147483647;
			files = (
				EA1662DA75B56EDE152F271E /* libPods-UIKitDZ.a in Frameworks */,
			);
			runOnlyForDeploymentPostprocessing = 0;
		};
		7BDD304E2B722B8E009B4AD8 /* Frameworks */ = {
			isa = PBXFrameworksBuildPhase;
			buildActionMask = 2147483647;
			files = (
				0E6D636B49A3D40011F3FB7C /* libPods-UIKitDZTests.a in Frameworks */,
			);
			runOnlyForDeploymentPostprocessing = 0;
		};
		7BDD30582B722B8E009B4AD8 /* Frameworks */ = {
			isa = PBXFrameworksBuildPhase;
			buildActionMask = 2147483647;
			files = (
				481906DB0E284D1DA1A761B0 /* libPods-UIKitDZ-UIKitDZUITests.a in Frameworks */,
			);
			runOnlyForDeploymentPostprocessing = 0;
		};
/* End PBXFrameworksBuildPhase section */

/* Begin PBXGroup section */
		7BDD302F2B722B8D009B4AD8 = {
			isa = PBXGroup;
			children = (
				7BDD303A2B722B8D009B4AD8 /* UIKitDZ */,
				7BDD30542B722B8E009B4AD8 /* UIKitDZTests */,
				7BDD305E2B722B8E009B4AD8 /* UIKitDZUITests */,
				7BDD30392B722B8D009B4AD8 /* Products */,
				AB3C9EA1B516B4EC7E98B511 /* Pods */,
				973DF387DAA22263EFE8320A /* Frameworks */,
			);
			sourceTree = "<group>";
		};
		7BDD30392B722B8D009B4AD8 /* Products */ = {
			isa = PBXGroup;
			children = (
				7BDD30382B722B8D009B4AD8 /* UIKitDZ.app */,
				7BDD30512B722B8E009B4AD8 /* UIKitDZTests.xctest */,
				7BDD305B2B722B8E009B4AD8 /* UIKitDZUITests.xctest */,
			);
			name = Products;
			sourceTree = "<group>";
		};
		7BDD303A2B722B8D009B4AD8 /* UIKitDZ */ = {
			isa = PBXGroup;
			children = (
				7BDD303B2B722B8D009B4AD8 /* AppDelegate.swift */,
				7BDD303D2B722B8D009B4AD8 /* SceneDelegate.swift */,
				7BDD303F2B722B8D009B4AD8 /* ViewController.swift */,
				7BDD30412B722B8D009B4AD8 /* Main.storyboard */,
				7BDD30472B722B8E009B4AD8 /* Assets.xcassets */,
				7BDD30492B722B8E009B4AD8 /* LaunchScreen.storyboard */,
				7BDD304C2B722B8E009B4AD8 /* Info.plist */,
				7BDD30442B722B8D009B4AD8 /* UIKitDZ.xcdatamodeld */,
			);
			path = UIKitDZ;
			sourceTree = "<group>";
		};
		7BDD30542B722B8E009B4AD8 /* UIKitDZTests */ = {
			isa = PBXGroup;
			children = (
				7BDD30552B722B8E009B4AD8 /* UIKitDZTests.swift */,
			);
			path = UIKitDZTests;
			sourceTree = "<group>";
		};
		7BDD305E2B722B8E009B4AD8 /* UIKitDZUITests */ = {
			isa = PBXGroup;
			children = (
				7BDD305F2B722B8E009B4AD8 /* UIKitDZUITests.swift */,
				7BDD30612B722B8E009B4AD8 /* UIKitDZUITestsLaunchTests.swift */,
			);
			path = UIKitDZUITests;
			sourceTree = "<group>";
		};
		973DF387DAA22263EFE8320A /* Frameworks */ = {
			isa = PBXGroup;
			children = (
				34E842F9A9A1411491B2CFD7 /* libPods-UIKitDZ.a */,
				12BA81F8FAE1D996B61906CA /* libPods-UIKitDZ-UIKitDZUITests.a */,
				B26604A285FF683FF77BE01E /* libPods-UIKitDZTests.a */,
			);
			name = Frameworks;
			sourceTree = "<group>";
		};
		AB3C9EA1B516B4EC7E98B511 /* Pods */ = {
			isa = PBXGroup;
			children = (
				89486F6033DA5CFAEB1051BF /* Pods-UIKitDZ.debug.xcconfig */,
				1B72335D6ECE2DC9542510AB /* Pods-UIKitDZ.release.xcconfig */,
				9FD426E2DE52B4D2289473FB /* Pods-UIKitDZ-UIKitDZUITests.debug.xcconfig */,
				DC8CC1B0CC349E4FFCEB518D /* Pods-UIKitDZ-UIKitDZUITests.release.xcconfig */,
				75BB43EBB0C0B81ADAE34AC5 /* Pods-UIKitDZTests.debug.xcconfig */,
				DDBE3658D38E15DA96C52C33 /* Pods-UIKitDZTests.release.xcconfig */,
			);
			path = Pods;
			sourceTree = "<group>";
		};
/* End PBXGroup section */

/* Begin PBXNativeTarget section */
		7BDD30372B722B8D009B4AD8 /* UIKitDZ */ = {
			isa = PBXNativeTarget;
			buildConfigurationList = 7BDD30652B722B8E009B4AD8 /* Build configuration list for PBXNativeTarget "UIKitDZ" */;
			buildPhases = (
				BD2473BC915FAA0ADAB453BF /* [CP] Check Pods Manifest.lock */,
				7BDD30342B722B8D009B4AD8 /* Sources */,
				7BDD30352B722B8D009B4AD8 /* Frameworks */,
				7BDD30362B722B8D009B4AD8 /* Resources */,
			);
			buildRules = (
			);
			dependencies = (
			);
			name = UIKitDZ;
			productName = UIKitDZ;
			productReference = 7BDD30382B722B8D009B4AD8 /* UIKitDZ.app */;
			productType = "com.apple.product-type.application";
		};
		7BDD30502B722B8E009B4AD8 /* UIKitDZTests */ = {
			isa = PBXNativeTarget;
			buildConfigurationList = 7BDD30682B722B8E009B4AD8 /* Build configuration list for PBXNativeTarget "UIKitDZTests" */;
			buildPhases = (
				AD8756C787DD9E15829C4B50 /* [CP] Check Pods Manifest.lock */,
				7BDD304D2B722B8E009B4AD8 /* Sources */,
				7BDD304E2B722B8E009B4AD8 /* Frameworks */,
				7BDD304F2B722B8E009B4AD8 /* Resources */,
			);
			buildRules = (
			);
			dependencies = (
				7BDD30532B722B8E009B4AD8 /* PBXTargetDependency */,
			);
			name = UIKitDZTests;
			productName = UIKitDZTests;
			productReference = 7BDD30512B722B8E009B4AD8 /* UIKitDZTests.xctest */;
			productType = "com.apple.product-type.bundle.unit-test";
		};
		7BDD305A2B722B8E009B4AD8 /* UIKitDZUITests */ = {
			isa = PBXNativeTarget;
			buildConfigurationList = 7BDD306B2B722B8E009B4AD8 /* Build configuration list for PBXNativeTarget "UIKitDZUITests" */;
			buildPhases = (
				68DAEFCB7469CAB1FF593456 /* [CP] Check Pods Manifest.lock */,
				7BDD30572B722B8E009B4AD8 /* Sources */,
				7BDD30582B722B8E009B4AD8 /* Frameworks */,
				7BDD30592B722B8E009B4AD8 /* Resources */,
			);
			buildRules = (
			);
			dependencies = (
				7BDD305D2B722B8E009B4AD8 /* PBXTargetDependency */,
			);
			name = UIKitDZUITests;
			productName = UIKitDZUITests;
			productReference = 7BDD305B2B722B8E009B4AD8 /* UIKitDZUITests.xctest */;
			productType = "com.apple.product-type.bundle.ui-testing";
		};
/* End PBXNativeTarget section */

/* Begin PBXProject section */
		7BDD30302B722B8D009B4AD8 /* Project object */ = {
			isa = PBXProject;
			attributes = {
				BuildIndependentTargetsInParallel = 1;
				LastSwiftUpdateCheck = 1330;
				LastUpgradeCheck = 1330;
				TargetAttributes = {
					7BDD30372B722B8D009B4AD8 = {
						CreatedOnToolsVersion = 13.3.1;
					};
					7BDD30502B722B8E009B4AD8 = {
						CreatedOnToolsVersion = 13.3.1;
						TestTargetID = 7BDD30372B722B8D009B4AD8;
					};
					7BDD305A2B722B8E009B4AD8 = {
						CreatedOnToolsVersion = 13.3.1;
						TestTargetID = 7BDD30372B722B8D009B4AD8;
					};
				};
			};
			buildConfigurationList = 7BDD30332B722B8D009B4AD8 /* Build configuration list for PBXProject "UIKitDZ" */;
			compatibilityVersion = "Xcode 13.0";
			developmentRegion = en;
			hasScannedForEncodings = 0;
			knownRegions = (
				en,
				Base,
			);
			mainGroup = 7BDD302F2B722B8D009B4AD8;
			productRefGroup = 7BDD30392B722B8D009B4AD8 /* Products */;
			projectDirPath = "";
			projectRoot = "";
			targets = (
				7BDD30372B722B8D009B4AD8 /* UIKitDZ */,
				7BDD30502B722B8E009B4AD8 /* UIKitDZTests */,
				7BDD305A2B722B8E009B4AD8 /* UIKitDZUITests */,
			);
		};
/* End PBXProject section */

/* Begin PBXResourcesBuildPhase section */
		7BDD30362B722B8D009B4AD8 /* Resources */ = {
			isa = PBXResourcesBuildPhase;
			buildActionMask = 2147483647;
			files = (
				7BDD304B2B722B8E009B4AD8 /* LaunchScreen.storyboard in Resources */,
				7BDD30482B722B8E009B4AD8 /* Assets.xcassets in Resources */,
				7BDD30432B722B8D009B4AD8 /* Main.storyboard in Resources */,
			);
			runOnlyForDeploymentPostprocessing = 0;
		};
		7BDD304F2B722B8E009B4AD8 /* Resources */ = {
			isa = PBXResourcesBuildPhase;
			buildActionMask = 2147483647;
			files = (
			);
			runOnlyForDeploymentPostprocessing = 0;
		};
		7BDD30592B722B8E009B4AD8 /* Resources */ = {
			isa = PBXResourcesBuildPhase;
			buildActionMask = 2147483647;
			files = (
			);
			runOnlyForDeploymentPostprocessing = 0;
		};
/* End PBXResourcesBuildPhase section */

/* Begin PBXShellScriptBuildPhase section */
		68DAEFCB7469CAB1FF593456 /* [CP] Check Pods Manifest.lock */ = {
			isa = PBXShellScriptBuildPhase;
			buildActionMask = 2147483647;
			files = (
			);
			inputFileListPaths = (
			);
			inputPaths = (
				"${PODS_PODFILE_DIR_PATH}/Podfile.lock",
				"${PODS_ROOT}/Manifest.lock",
			);
			name = "[CP] Check Pods Manifest.lock";
			outputFileListPaths = (
			);
			outputPaths = (
				"$(DERIVED_FILE_DIR)/Pods-UIKitDZ-UIKitDZUITests-checkManifestLockResult.txt",
			);
			runOnlyForDeploymentPostprocessing = 0;
			shellPath = /bin/sh;
			shellScript = "diff \"${PODS_PODFILE_DIR_PATH}/Podfile.lock\" \"${PODS_ROOT}/Manifest.lock\" > /dev/null\nif [ $? != 0 ] ; then\n    # print error to STDERR\n    echo \"error: The sandbox is not in sync with the Podfile.lock. Run 'pod install' or update your CocoaPods installation.\" >&2\n    exit 1\nfi\n# This output is used by Xcode 'outputs' to avoid re-running this script phase.\necho \"SUCCESS\" > \"${SCRIPT_OUTPUT_FILE_0}\"\n";
			showEnvVarsInLog = 0;
		};
		AD8756C787DD9E15829C4B50 /* [CP] Check Pods Manifest.lock */ = {
			isa = PBXShellScriptBuildPhase;
			buildActionMask = 2147483647;
			files = (
			);
			inputFileListPaths = (
			);
			inputPaths = (
				"${PODS_PODFILE_DIR_PATH}/Podfile.lock",
				"${PODS_ROOT}/Manifest.lock",
			);
			name = "[CP] Check Pods Manifest.lock";
			outputFileListPaths = (
			);
			outputPaths = (
				"$(DERIVED_FILE_DIR)/Pods-UIKitDZTests-checkManifestLockResult.txt",
			);
			runOnlyForDeploymentPostprocessing = 0;
			shellPath = /bin/sh;
			shellScript = "diff \"${PODS_PODFILE_DIR_PATH}/Podfile.lock\" \"${PODS_ROOT}/Manifest.lock\" > /dev/null\nif [ $? != 0 ] ; then\n    # print error to STDERR\n    echo \"error: The sandbox is not in sync with the Podfile.lock. Run 'pod install' or update your CocoaPods installation.\" >&2\n    exit 1\nfi\n# This output is used by Xcode 'outputs' to avoid re-running this script phase.\necho \"SUCCESS\" > \"${SCRIPT_OUTPUT_FILE_0}\"\n";
			showEnvVarsInLog = 0;
		};
		BD2473BC915FAA0ADAB453BF /* [CP] Check Pods Manifest.lock */ = {
			isa = PBXShellScriptBuildPhase;
			buildActionMask = 2147483647;
			files = (
			);
			inputFileListPaths = (
			);
			inputPaths = (
				"${PODS_PODFILE_DIR_PATH}/Podfile.lock",
				"${PODS_ROOT}/Manifest.lock",
			);
			name = "[CP] Check Pods Manifest.lock";
			outputFileListPaths = (
			);
			outputPaths = (
				"$(DERIVED_FILE_DIR)/Pods-UIKitDZ-checkManifestLockResult.txt",
			);
			runOnlyForDeploymentPostprocessing = 0;
			shellPath = /bin/sh;
			shellScript = "diff \"${PODS_PODFILE_DIR_PATH}/Podfile.lock\" \"${PODS_ROOT}/Manifest.lock\" > /dev/null\nif [ $? != 0 ] ; then\n    # print error to STDERR\n    echo \"error: The sandbox is not in sync with the Podfile.lock. Run 'pod install' or update your CocoaPods installation.\" >&2\n    exit 1\nfi\n# This output is used by Xcode 'outputs' to avoid re-running this script phase.\necho \"SUCCESS\" > \"${SCRIPT_OUTPUT_FILE_0}\"\n";
			showEnvVarsInLog = 0;
		};
/* End PBXShellScriptBuildPhase section */

/* Begin PBXSourcesBuildPhase section */
		7BDD30342B722B8D009B4AD8 /* Sources */ = {
			isa = PBXSourcesBuildPhase;
			buildActionMask = 2147483647;
			files = (
				7BDD30462B722B8D009B4AD8 /* UIKitDZ.xcdatamodeld in Sources */,
				7BDD30402B722B8D009B4AD8 /* ViewController.swift in Sources */,
				7BDD303C2B722B8D009B4AD8 /* AppDelegate.swift in Sources */,
				7BDD303E2B722B8D009B4AD8 /* SceneDelegate.swift in Sources */,
			);
			runOnlyForDeploymentPostprocessing = 0;
		};
		7BDD304D2B722B8E009B4AD8 /* Sources */ = {
			isa = PBXSourcesBuildPhase;
			buildActionMask = 2147483647;
			files = (
				7BDD30562B722B8E009B4AD8 /* UIKitDZTests.swift in Sources */,
			);
			runOnlyForDeploymentPostprocessing = 0;
		};
		7BDD30572B722B8E009B4AD8 /* Sources */ = {
			isa = PBXSourcesBuildPhase;
			buildActionMask = 2147483647;
			files = (
				7BDD30602B722B8E009B4AD8 /* UIKitDZUITests.swift in Sources */,
				7BDD30622B722B8E009B4AD8 /* UIKitDZUITestsLaunchTests.swift in Sources */,
			);
			runOnlyForDeploymentPostprocessing = 0;
		};
/* End PBXSourcesBuildPhase section */

/* Begin PBXTargetDependency section */
		7BDD30532B722B8E009B4AD8 /* PBXTargetDependency */ = {
			isa = PBXTargetDependency;
			target = 7BDD30372B722B8D009B4AD8 /* UIKitDZ */;
			targetProxy = 7BDD30522B722B8E009B4AD8 /* PBXContainerItemProxy */;
		};
		7BDD305D2B722B8E009B4AD8 /* PBXTargetDependency */ = {
			isa = PBXTargetDependency;
			target = 7BDD30372B722B8D009B4AD8 /* UIKitDZ */;
			targetProxy = 7BDD305C2B722B8E009B4AD8 /* PBXContainerItemProxy */;
		};
/* End PBXTargetDependency section */

/* Begin PBXVariantGroup section */
		7BDD30412B722B8D009B4AD8 /* Main.storyboard */ = {
			isa = PBXVariantGroup;
			children = (
				7BDD30422B722B8D009B4AD8 /* Base */,
			);
			name = Main.storyboard;
			sourceTree = "<group>";
		};
		7BDD30492B722B8E009B4AD8 /* LaunchScreen.storyboard */ = {
			isa = PBXVariantGroup;
			children = (
				7BDD304A2B722B8E009B4AD8 /* Base */,
			);
			name = LaunchScreen.storyboard;
			sourceTree = "<group>";
		};
/* End PBXVariantGroup section */

/* Begin XCBuildConfiguration section */
		7BDD30632B722B8E009B4AD8 /* Debug */ = {
			isa = XCBuildConfiguration;
			buildSettings = {
				ALWAYS_SEARCH_USER_PATHS = NO;
				CLANG_ANALYZER_NONNULL = YES;
				CLANG_ANALYZER_NUMBER_OBJECT_CONVERSION = YES_AGGRESSIVE;
				CLANG_CXX_LANGUAGE_STANDARD = "gnu++17";
				CLANG_ENABLE_MODULES = YES;
				CLANG_ENABLE_OBJC_ARC = YES;
				CLANG_ENABLE_OBJC_WEAK = YES;
				CLANG_WARN_BLOCK_CAPTURE_AUTORELEASING = YES;
				CLANG_WARN_BOOL_CONVERSION = YES;
				CLANG_WARN_COMMA = YES;
				CLANG_WARN_CONSTANT_CONVERSION = YES;
				CLANG_WARN_DEPRECATED_OBJC_IMPLEMENTATIONS = YES;
				CLANG_WARN_DIRECT_OBJC_ISA_USAGE = YES_ERROR;
				CLANG_WARN_DOCUMENTATION_COMMENTS = YES;
				CLANG_WARN_EMPTY_BODY = YES;
				CLANG_WARN_ENUM_CONVERSION = YES;
				CLANG_WARN_INFINITE_RECURSION = YES;
				CLANG_WARN_INT_CONVERSION = YES;
				CLANG_WARN_NON_LITERAL_NULL_CONVERSION = YES;
				CLANG_WARN_OBJC_IMPLICIT_RETAIN_SELF = YES;
				CLANG_WARN_OBJC_LITERAL_CONVERSION = YES;
				CLANG_WARN_OBJC_ROOT_CLASS = YES_ERROR;
				CLANG_WARN_QUOTED_INCLUDE_IN_FRAMEWORK_HEADER = YES;
				CLANG_WARN_RANGE_LOOP_ANALYSIS = YES;
				CLANG_WARN_STRICT_PROTOTYPES = YES;
				CLANG_WARN_SUSPICIOUS_MOVE = YES;
				CLANG_WARN_UNGUARDED_AVAILABILITY = YES_AGGRESSIVE;
				CLANG_WARN_UNREACHABLE_CODE = YES;
				CLANG_WARN__DUPLICATE_METHOD_MATCH = YES;
				COPY_PHASE_STRIP = NO;
				DEBUG_INFORMATION_FORMAT = dwarf;
				ENABLE_STRICT_OBJC_MSGSEND = YES;
				ENABLE_TESTABILITY = YES;
				GCC_C_LANGUAGE_STANDARD = gnu11;
				GCC_DYNAMIC_NO_PIC = NO;
				GCC_NO_COMMON_BLOCKS = YES;
				GCC_OPTIMIZATION_LEVEL = 0;
				GCC_PREPROCESSOR_DEFINITIONS = (
					"DEBUG=1",
					"$(inherited)",
				);
				GCC_WARN_64_TO_32_BIT_CONVERSION = YES;
				GCC_WARN_ABOUT_RETURN_TYPE = YES_ERROR;
				GCC_WARN_UNDECLARED_SELECTOR = YES;
				GCC_WARN_UNINITIALIZED_AUTOS = YES_AGGRESSIVE;
				GCC_WARN_UNUSED_FUNCTION = YES;
				GCC_WARN_UNUSED_VARIABLE = YES;
				IPHONEOS_DEPLOYMENT_TARGET = 15.4;
				MTL_ENABLE_DEBUG_INFO = INCLUDE_SOURCE;
				MTL_FAST_MATH = YES;
				ONLY_ACTIVE_ARCH = YES;
				SDKROOT = iphoneos;
				SWIFT_ACTIVE_COMPILATION_CONDITIONS = DEBUG;
				SWIFT_OPTIMIZATION_LEVEL = "-Onone";
			};
			name = Debug;
		};
		7BDD30642B722B8E009B4AD8 /* Release */ = {
			isa = XCBuildConfiguration;
			buildSettings = {
				ALWAYS_SEARCH_USER_PATHS = NO;
				CLANG_ANALYZER_NONNULL = YES;
				CLANG_ANALYZER_NUMBER_OBJECT_CONVERSION = YES_AGGRESSIVE;
				CLANG_CXX_LANGUAGE_STANDARD = "gnu++17";
				CLANG_ENABLE_MODULES = YES;
				CLANG_ENABLE_OBJC_ARC = YES;
				CLANG_ENABLE_OBJC_WEAK = YES;
				CLANG_WARN_BLOCK_CAPTURE_AUTORELEASING = YES;
				CLANG_WARN_BOOL_CONVERSION = YES;
				CLANG_WARN_COMMA = YES;
				CLANG_WARN_CONSTANT_CONVERSION = YES;
				CLANG_WARN_DEPRECATED_OBJC_IMPLEMENTATIONS = YES;
				CLANG_WARN_DIRECT_OBJC_ISA_USAGE = YES_ERROR;
				CLANG_WARN_DOCUMENTATION_COMMENTS = YES;
				CLANG_WARN_EMPTY_BODY = YES;
				CLANG_WARN_ENUM_CONVERSION = YES;
				CLANG_WARN_INFINITE_RECURSION = YES;
				CLANG_WARN_INT_CONVERSION = YES;
				CLANG_WARN_NON_LITERAL_NULL_CONVERSION = YES;
				CLANG_WARN_OBJC_IMPLICIT_RETAIN_SELF = YES;
				CLANG_WARN_OBJC_LITERAL_CONVERSION = YES;
				CLANG_WARN_OBJC_ROOT_CLASS = YES_ERROR;
				CLANG_WARN_QUOTED_INCLUDE_IN_FRAMEWORK_HEADER = YES;
				CLANG_WARN_RANGE_LOOP_ANALYSIS = YES;
				CLANG_WARN_STRICT_PROTOTYPES = YES;
				CLANG_WARN_SUSPICIOUS_MOVE = YES;
				CLANG_WARN_UNGUARDED_AVAILABILITY = YES_AGGRESSIVE;
				CLANG_WARN_UNREACHABLE_CODE = YES;
				CLANG_WARN__DUPLICATE_METHOD_MATCH = YES;
				COPY_PHASE_STRIP = NO;
				DEBUG_INFORMATION_FORMAT = "dwarf-with-dsym";
				ENABLE_NS_ASSERTIONS = NO;
				ENABLE_STRICT_OBJC_MSGSEND = YES;
				GCC_C_LANGUAGE_STANDARD = gnu11;
				GCC_NO_COMMON_BLOCKS = YES;
				GCC_WARN_64_TO_32_BIT_CONVERSION = YES;
				GCC_WARN_ABOUT_RETURN_TYPE = YES_ERROR;
				GCC_WARN_UNDECLARED_SELECTOR = YES;
				GCC_WARN_UNINITIALIZED_AUTOS = YES_AGGRESSIVE;
				GCC_WARN_UNUSED_FUNCTION = YES;
				GCC_WARN_UNUSED_VARIABLE = YES;
				IPHONEOS_DEPLOYMENT_TARGET = 15.4;
				MTL_ENABLE_DEBUG_INFO = NO;
				MTL_FAST_MATH = YES;
				SDKROOT = iphoneos;
				SWIFT_COMPILATION_MODE = wholemodule;
				SWIFT_OPTIMIZATION_LEVEL = "-O";
				VALIDATE_PRODUCT = YES;
			};
			name = Release;
		};
		7BDD30662B722B8E009B4AD8 /* Debug */ = {
			isa = XCBuildConfiguration;
			baseConfigurationReference = 89486F6033DA5CFAEB1051BF /* Pods-UIKitDZ.debug.xcconfig */;
			buildSettings = {
				ASSETCATALOG_COMPILER_APPICON_NAME = AppIcon;
				ASSETCATALOG_COMPILER_GLOBAL_ACCENT_COLOR_NAME = AccentColor;
				CODE_SIGN_STYLE = Automatic;
				CURRENT_PROJECT_VERSION = 1;
				DEVELOPMENT_TEAM = 9WJU3HDJKN;
				GENERATE_INFOPLIST_FILE = YES;
				INFOPLIST_FILE = UIKitDZ/Info.plist;
				INFOPLIST_KEY_UIApplicationSupportsIndirectInputEvents = YES;
				INFOPLIST_KEY_UILaunchStoryboardName = LaunchScreen;
				INFOPLIST_KEY_UIMainStoryboardFile = Main;
				INFOPLIST_KEY_UISupportedInterfaceOrientations_iPad = "UIInterfaceOrientationPortrait UIInterfaceOrientationPortraitUpsideDown UIInterfaceOrientationLandscapeLeft UIInterfaceOrientationLandscapeRight";
				INFOPLIST_KEY_UISupportedInterfaceOrientations_iPhone = "UIInterfaceOrientationPortrait UIInterfaceOrientationLandscapeLeft UIInterfaceOrientationLandscapeRight";
				LD_RUNPATH_SEARCH_PATHS = (
					"$(inherited)",
					"@executable_path/Frameworks",
				);
				MARKETING_VERSION = 1.0;
				PRODUCT_BUNDLE_IDENTIFIER = wiasoft.UIKitDZ;
				PRODUCT_NAME = "$(TARGET_NAME)";
				SWIFT_EMIT_LOC_STRINGS = YES;
				SWIFT_VERSION = 5.0;
				TARGETED_DEVICE_FAMILY = "1,2";
			};
			name = Debug;
		};
		7BDD30672B722B8E009B4AD8 /* Release */ = {
			isa = XCBuildConfiguration;
			baseConfigurationReference = 1B72335D6ECE2DC9542510AB /* Pods-UIKitDZ.release.xcconfig */;
			buildSettings = {
				ASSETCATALOG_COMPILER_APPICON_NAME = AppIcon;
				ASSETCATALOG_COMPILER_GLOBAL_ACCENT_COLOR_NAME = AccentColor;
				CODE_SIGN_STYLE = Automatic;
				CURRENT_PROJECT_VERSION = 1;
				DEVELOPMENT_TEAM = 9WJU3HDJKN;
				GENERATE_INFOPLIST_FILE = YES;
				INFOPLIST_FILE = UIKitDZ/Info.plist;
				INFOPLIST_KEY_UIApplicationSupportsIndirectInputEvents = YES;
				INFOPLIST_KEY_UILaunchStoryboardName = LaunchScreen;
				INFOPLIST_KEY_UIMainStoryboardFile = Main;
				INFOPLIST_KEY_UISupportedInterfaceOrientations_iPad = "UIInterfaceOrientationPortrait UIInterfaceOrientationPortraitUpsideDown UIInterfaceOrientationLandscapeLeft UIInterfaceOrientationLandscapeRight";
				INFOPLIST_KEY_UISupportedInterfaceOrientations_iPhone = "UIInterfaceOrientationPortrait UIInterfaceOrientationLandscapeLeft UIInterfaceOrientationLandscapeRight";
				LD_RUNPATH_SEARCH_PATHS = (
					"$(inherited)",
					"@executable_path/Frameworks",
				);
				MARKETING_VERSION = 1.0;
				PRODUCT_BUNDLE_IDENTIFIER = wiasoft.UIKitDZ;
				PRODUCT_NAME = "$(TARGET_NAME)";
				SWIFT_EMIT_LOC_STRINGS = YES;
				SWIFT_VERSION = 5.0;
				TARGETED_DEVICE_FAMILY = "1,2";
			};
			name = Release;
		};
		7BDD30692B722B8E009B4AD8 /* Debug */ = {
			isa = XCBuildConfiguration;
			baseConfigurationReference = 75BB43EBB0C0B81ADAE34AC5 /* Pods-UIKitDZTests.debug.xcconfig */;
			buildSettings = {
				ALWAYS_EMBED_SWIFT_STANDARD_LIBRARIES = YES;
				BUNDLE_LOADER = "$(TEST_HOST)";
				CODE_SIGN_STYLE = Automatic;
				CURRENT_PROJECT_VERSION = 1;
				DEVELOPMENT_TEAM = 9WJU3HDJKN;
				GENERATE_INFOPLIST_FILE = YES;
				IPHONEOS_DEPLOYMENT_TARGET = 15.4;
				MARKETING_VERSION = 1.0;
				PRODUCT_BUNDLE_IDENTIFIER = wiasoft.UIKitDZTests;
				PRODUCT_NAME = "$(TARGET_NAME)";
				SWIFT_EMIT_LOC_STRINGS = NO;
				SWIFT_VERSION = 5.0;
				TARGETED_DEVICE_FAMILY = "1,2";
				TEST_HOST = "$(BUILT_PRODUCTS_DIR)/UIKitDZ.app/UIKitDZ";
			};
			name = Debug;
		};
		7BDD306A2B722B8E009B4AD8 /* Release */ = {
			isa = XCBuildConfiguration;
			baseConfigurationReference = DDBE3658D38E15DA96C52C33 /* Pods-UIKitDZTests.release.xcconfig */;
			buildSettings = {
				ALWAYS_EMBED_SWIFT_STANDARD_LIBRARIES = YES;
				BUNDLE_LOADER = "$(TEST_HOST)";
				CODE_SIGN_STYLE = Automatic;
				CURRENT_PROJECT_VERSION = 1;
				DEVELOPMENT_TEAM = 9WJU3HDJKN;
				GENERATE_INFOPLIST_FILE = YES;
				IPHONEOS_DEPLOYMENT_TARGET = 15.4;
				MARKETING_VERSION = 1.0;
				PRODUCT_BUNDLE_IDENTIFIER = wiasoft.UIKitDZTests;
				PRODUCT_NAME = "$(TARGET_NAME)";
				SWIFT_EMIT_LOC_STRINGS = NO;
				SWIFT_VERSION = 5.0;
				TARGETED_DEVICE_FAMILY = "1,2";
				TEST_HOST = "$(BUILT_PRODUCTS_DIR)/UIKitDZ.app/UIKitDZ";
			};
			name = Release;
		};
		7BDD306C2B722B8E009B4AD8 /* Debug */ = {
			isa = XCBuildConfiguration;
			baseConfigurationReference = 9FD426E2DE52B4D2289473FB /* Pods-UIKitDZ-UIKitDZUITests.debug.xcconfig */;
			buildSettings = {
				ALWAYS_EMBED_SWIFT_STANDARD_LIBRARIES = YES;
				CODE_SIGN_STYLE = Automatic;
				CURRENT_PROJECT_VERSION = 1;
				DEVELOPMENT_TEAM = 9WJU3HDJKN;
				GENERATE_INFOPLIST_FILE = YES;
				MARKETING_VERSION = 1.0;
				PRODUCT_BUNDLE_IDENTIFIER = wiasoft.UIKitDZUITests;
				PRODUCT_NAME = "$(TARGET_NAME)";
				SWIFT_EMIT_LOC_STRINGS = NO;
				SWIFT_VERSION = 5.0;
				TARGETED_DEVICE_FAMILY = "1,2";
				TEST_TARGET_NAME = UIKitDZ;
			};
			name = Debug;
		};
		7BDD306D2B722B8E009B4AD8 /* Release */ = {
			isa = XCBuildConfiguration;
			baseConfigurationReference = DC8CC1B0CC349E4FFCEB518D /* Pods-UIKitDZ-UIKitDZUITests.release.xcconfig */;
			buildSettings = {
				ALWAYS_EMBED_SWIFT_STANDARD_LIBRARIES = YES;
				CODE_SIGN_STYLE = Automatic;
				CURRENT_PROJECT_VERSION = 1;
				DEVELOPMENT_TEAM = 9WJU3HDJKN;
				GENERATE_INFOPLIST_FILE = YES;
				MARKETING_VERSION = 1.0;
				PRODUCT_BUNDLE_IDENTIFIER = wiasoft.UIKitDZUITests;
				PRODUCT_NAME = "$(TARGET_NAME)";
				SWIFT_EMIT_LOC_STRINGS = NO;
				SWIFT_VERSION = 5.0;
				TARGETED_DEVICE_FAMILY = "1,2";
				TEST_TARGET_NAME = UIKitDZ;
			};
			name = Release;
		};
/* End XCBuildConfiguration section */

/* Begin XCConfigurationList section */
		7BDD30332B722B8D009B4AD8 /* Build configuration list for PBXProject "UIKitDZ" */ = {
			isa = XCConfigurationList;
			buildConfigurations = (
				7BDD30632B722B8E009B4AD8 /* Debug */,
				7BDD30642B722B8E009B4AD8 /* Release */,
			);
			defaultConfigurationIsVisible = 0;
			defaultConfigurationName = Release;
		};
		7BDD30652B722B8E009B4AD8 /* Build configuration list for PBXNativeTarget "UIKitDZ" */ = {
			isa = XCConfigurationList;
			buildConfigurations = (
				7BDD30662B722B8E009B4AD8 /* Debug */,
				7BDD30672B722B8E009B4AD8 /* Release */,
			);
			defaultConfigurationIsVisible = 0;
			defaultConfigurationName = Release;
		};
		7BDD30682B722B8E009B4AD8 /* Build configuration list for PBXNativeTarget "UIKitDZTests" */ = {
			isa = XCConfigurationList;
			buildConfigurations = (
				7BDD30692B722B8E009B4AD8 /* Debug */,
				7BDD306A2B722B8E009B4AD8 /* Release */,
			);
			defaultConfigurationIsVisible = 0;
			defaultConfigurationName = Release;
		};
		7BDD306B2B722B8E009B4AD8 /* Build configuration list for PBXNativeTarget "UIKitDZUITests" */ = {
			isa = XCConfigurationList;
			buildConfigurations = (
				7BDD306C2B722B8E009B4AD8 /* Debug */,
				7BDD306D2B722B8E009B4AD8 /* Release */,
			);
			defaultConfigurationIsVisible = 0;
			defaultConfigurationName = Release;
		};
/* End XCConfigurationList section */

/* Begin XCVersionGroup section */
		7BDD30442B722B8D009B4AD8 /* UIKitDZ.xcdatamodeld */ = {
			isa = XCVersionGroup;
			children = (
				7BDD30452B722B8D009B4AD8 /* UIKitDZ.xcdatamodel */,
			);
			currentVersion = 7BDD30452B722B8D009B4AD8 /* UIKitDZ.xcdatamodel */;
			path = UIKitDZ.xcdatamodeld;
			sourceTree = "<group>";
			versionGroupType = wrapper.xcdatamodel;
		};
/* End XCVersionGroup section */
	};
	rootObject = 7BDD30302B722B8D009B4AD8 /* Project object */;
}
